
Microsoft Visual Studio Solution File, Format Version 12.00
# Visual Studio Version 17
VisualStudioVersion = 17.9.34622.214
MinimumVisualStudioVersion = 10.0.40219.1
Project("{FAE04EC0-301F-11D3-BF4B-00C04F79EFBC}") = "EndsWithÇalışması", "EndsWithÇalışması\EndsWithÇalışması.csproj", "{E5E3A795-132F-4035-AE24-01FE5661E2EC}"
EndProject
Global
	GlobalSection(SolutionConfigurationPlatforms) = preSolution
		Debug|Any CPU = Debug|Any CPU
		Release|Any CPU = Release|Any CPU
	EndGlobalSection
	GlobalSection(ProjectConfigurationPlatforms) = postSolution
		{E5E3A795-132F-4035-AE24-01FE5661E2EC}.Debug|Any CPU.ActiveCfg = Debug|Any CPU
		{E5E3A795-132F-4035-AE24-01FE5661E2EC}.Debug|Any CPU.Build.0 = Debug|Any CPU
		{E5E3A795-132F-4035-AE24-01FE5661E2EC}.Release|Any CPU.ActiveCfg = Release|Any CPU
		{E5E3A795-132F-4035-AE24-01FE5661E2EC}.Release|Any CPU.Build.0 = Release|Any CPU
	EndGlobalSection
	GlobalSection(SolutionProperties) = preSolution
		HideSolutionNode = FALSE
	EndGlobalSection
	GlobalSection(ExtensibilityGlobals) = postSolution
		SolutionGuid = {9F817A70-67FB-4385-BD14-392007E26BC0}
	EndGlobalSection
EndGlobal
