
Microsoft Visual Studio Solution File, Format Version 12.00
# Visual Studio Version 17
VisualStudioVersion = 17.8.34511.84
MinimumVisualStudioVersion = 10.0.40219.1
Project("{FAE04EC0-301F-11D3-BF4B-00C04F79EFBC}") = "ConsoleApp20", "ConsoleApp20.csproj", "{9DF7A79F-9267-4C01-8A24-02132F58D759}"
EndProject
Global
	GlobalSection(SolutionConfigurationPlatforms) = preSolution
		Debug|Any CPU = Debug|Any CPU
		Release|Any CPU = Release|Any CPU
	EndGlobalSection
	GlobalSection(ProjectConfigurationPlatforms) = postSolution
		{9DF7A79F-9267-4C01-8A24-02132F58D759}.Debug|Any CPU.ActiveCfg = Debug|Any CPU
		{9DF7A79F-9267-4C01-8A24-02132F58D759}.Debug|Any CPU.Build.0 = Debug|Any CPU
		{9DF7A79F-9267-4C01-8A24-02132F58D759}.Release|Any CPU.ActiveCfg = Release|Any CPU
		{9DF7A79F-9267-4C01-8A24-02132F58D759}.Release|Any CPU.Build.0 = Release|Any CPU
	EndGlobalSection
	GlobalSection(SolutionProperties) = preSolution
		HideSolutionNode = FALSE
	EndGlobalSection
	GlobalSection(ExtensibilityGlobals) = postSolution
		SolutionGuid = {D779342A-CF2B-4798-A7C1-AEC765B6CDCC}
	EndGlobalSection
EndGlobal
