
Microsoft Visual Studio Solution File, Format Version 12.00
# Visual Studio Version 17
VisualStudioVersion = 17.9.34622.214
MinimumVisualStudioVersion = 10.0.40219.1
Project("{FAE04EC0-301F-11D3-BF4B-00C04F79EFBC}") = "Polymorphism", "Polymorphism\Polymorphism.csproj", "{2B368320-2D16-4DE5-AE98-FB155C179FD3}"
EndProject
Global
	GlobalSection(SolutionConfigurationPlatforms) = preSolution
		Debug|Any CPU = Debug|Any CPU
		Release|Any CPU = Release|Any CPU
	EndGlobalSection
	GlobalSection(ProjectConfigurationPlatforms) = postSolution
		{2B368320-2D16-4DE5-AE98-FB155C179FD3}.Debug|Any CPU.ActiveCfg = Debug|Any CPU
		{2B368320-2D16-4DE5-AE98-FB155C179FD3}.Debug|Any CPU.Build.0 = Debug|Any CPU
		{2B368320-2D16-4DE5-AE98-FB155C179FD3}.Release|Any CPU.ActiveCfg = Release|Any CPU
		{2B368320-2D16-4DE5-AE98-FB155C179FD3}.Release|Any CPU.Build.0 = Release|Any CPU
	EndGlobalSection
	GlobalSection(SolutionProperties) = preSolution
		HideSolutionNode = FALSE
	EndGlobalSection
	GlobalSection(ExtensibilityGlobals) = postSolution
		SolutionGuid = {46C0D814-9682-4F5D-BAB0-923018CB87A4}
	EndGlobalSection
EndGlobal
